
Microsoft Visual Studio Solution File, Format Version 12.00
# Visual Studio Version 16
VisualStudioVersion = 16.0.810.21
MinimumVisualStudioVersion = 10.0.40219.1
Project("{FAE04EC0-301F-11D3-BF4B-00C04F79EFBC}") = "Assignment3.Android", "Assignment3.Android\Assignment3.Android.csproj", "{E4A6076A-468A-4F83-96EC-2FBFA9D12795}"
EndProject
Project("{FAE04EC0-301F-11D3-BF4B-00C04F79EFBC}") = "Assignment3.iOS", "Assignment3.iOS\Assignment3.iOS.csproj", "{434815DD-7F96-4A72-BCA8-003DDE70B0A2}"
EndProject
Project("{FAE04EC0-301F-11D3-BF4B-00C04F79EFBC}") = "Assignment3", "Assignment3\Assignment3.csproj", "{F21A7803-11FD-4104-8D7A-3128489E8B3A}"
EndProject
Global
	GlobalSection(SolutionConfigurationPlatforms) = preSolution
		Debug|Any CPU = Debug|Any CPU
		Release|Any CPU = Release|Any CPU
		Debug|iPhoneSimulator = Debug|iPhoneSimulator
		Release|iPhoneSimulator = Release|iPhoneSimulator
		Debug|iPhone = Debug|iPhone
		Release|iPhone = Release|iPhone
	EndGlobalSection
	GlobalSection(ProjectConfigurationPlatforms) = postSolution
		{E4A6076A-468A-4F83-96EC-2FBFA9D12795}.Debug|Any CPU.ActiveCfg = Debug|Any CPU
		{E4A6076A-468A-4F83-96EC-2FBFA9D12795}.Debug|Any CPU.Build.0 = Debug|Any CPU
		{E4A6076A-468A-4F83-96EC-2FBFA9D12795}.Release|Any CPU.ActiveCfg = Release|Any CPU
		{E4A6076A-468A-4F83-96EC-2FBFA9D12795}.Release|Any CPU.Build.0 = Release|Any CPU
		{E4A6076A-468A-4F83-96EC-2FBFA9D12795}.Debug|iPhoneSimulator.ActiveCfg = Debug|Any CPU
		{E4A6076A-468A-4F83-96EC-2FBFA9D12795}.Debug|iPhoneSimulator.Build.0 = Debug|Any CPU
		{E4A6076A-468A-4F83-96EC-2FBFA9D12795}.Release|iPhoneSimulator.ActiveCfg = Release|Any CPU
		{E4A6076A-468A-4F83-96EC-2FBFA9D12795}.Release|iPhoneSimulator.Build.0 = Release|Any CPU
		{E4A6076A-468A-4F83-96EC-2FBFA9D12795}.Debug|iPhone.ActiveCfg = Debug|Any CPU
		{E4A6076A-468A-4F83-96EC-2FBFA9D12795}.Debug|iPhone.Build.0 = Debug|Any CPU
		{E4A6076A-468A-4F83-96EC-2FBFA9D12795}.Release|iPhone.ActiveCfg = Release|Any CPU
		{E4A6076A-468A-4F83-96EC-2FBFA9D12795}.Release|iPhone.Build.0 = Release|Any CPU
		{434815DD-7F96-4A72-BCA8-003DDE70B0A2}.Debug|Any CPU.ActiveCfg = Debug|iPhoneSimulator
		{434815DD-7F96-4A72-BCA8-003DDE70B0A2}.Debug|Any CPU.Build.0 = Debug|iPhoneSimulator
		{434815DD-7F96-4A72-BCA8-003DDE70B0A2}.Release|Any CPU.ActiveCfg = Release|iPhoneSimulator
		{434815DD-7F96-4A72-BCA8-003DDE70B0A2}.Release|Any CPU.Build.0 = Release|iPhoneSimulator
		{434815DD-7F96-4A72-BCA8-003DDE70B0A2}.Debug|iPhoneSimulator.ActiveCfg = Debug|iPhoneSimulator
		{434815DD-7F96-4A72-BCA8-003DDE70B0A2}.Debug|iPhoneSimulator.Build.0 = Debug|iPhoneSimulator
		{434815DD-7F96-4A72-BCA8-003DDE70B0A2}.Release|iPhoneSimulator.ActiveCfg = Release|iPhoneSimulator
		{434815DD-7F96-4A72-BCA8-003DDE70B0A2}.Release|iPhoneSimulator.Build.0 = Release|iPhoneSimulator
		{434815DD-7F96-4A72-BCA8-003DDE70B0A2}.Debug|iPhone.ActiveCfg = Debug|iPhone
		{434815DD-7F96-4A72-BCA8-003DDE70B0A2}.Debug|iPhone.Build.0 = Debug|iPhone
		{434815DD-7F96-4A72-BCA8-003DDE70B0A2}.Release|iPhone.ActiveCfg = Release|iPhone
		{434815DD-7F96-4A72-BCA8-003DDE70B0A2}.Release|iPhone.Build.0 = Release|iPhone
		{F21A7803-11FD-4104-8D7A-3128489E8B3A}.Debug|Any CPU.ActiveCfg = Debug|Any CPU
		{F21A7803-11FD-4104-8D7A-3128489E8B3A}.Debug|Any CPU.Build.0 = Debug|Any CPU
		{F21A7803-11FD-4104-8D7A-3128489E8B3A}.Release|Any CPU.ActiveCfg = Release|Any CPU
		{F21A7803-11FD-4104-8D7A-3128489E8B3A}.Release|Any CPU.Build.0 = Release|Any CPU
		{F21A7803-11FD-4104-8D7A-3128489E8B3A}.Debug|iPhoneSimulator.ActiveCfg = Debug|Any CPU
		{F21A7803-11FD-4104-8D7A-3128489E8B3A}.Debug|iPhoneSimulator.Build.0 = Debug|Any CPU
		{F21A7803-11FD-4104-8D7A-3128489E8B3A}.Release|iPhoneSimulator.ActiveCfg = Release|Any CPU
		{F21A7803-11FD-4104-8D7A-3128489E8B3A}.Release|iPhoneSimulator.Build.0 = Release|Any CPU
		{F21A7803-11FD-4104-8D7A-3128489E8B3A}.Debug|iPhone.ActiveCfg = Debug|Any CPU
		{F21A7803-11FD-4104-8D7A-3128489E8B3A}.Debug|iPhone.Build.0 = Debug|Any CPU
		{F21A7803-11FD-4104-8D7A-3128489E8B3A}.Release|iPhone.ActiveCfg = Release|Any CPU
		{F21A7803-11FD-4104-8D7A-3128489E8B3A}.Release|iPhone.Build.0 = Release|Any CPU
	EndGlobalSection
	GlobalSection(SolutionProperties) = preSolution
		HideSolutionNode = FALSE
	EndGlobalSection
	GlobalSection(ExtensibilityGlobals) = postSolution
		SolutionGuid = {03A638BE-3AF0-4AD6-B57D-0A95F3A47FDD}
	EndGlobalSection
EndGlobal
